
Microsoft Visual Studio Solution File, Format Version 12.00
# Visual Studio Version 16
VisualStudioVersion = 16.0.30320.27
MinimumVisualStudioVersion = 10.0.40219.1
Project("{FAE04EC0-301F-11D3-BF4B-00C04F79EFBC}") = "WpfApp1", "WpfApp1\WpfApp1.csproj", "{43DCDBDE-5F48-497D-90BE-E30D205B7444}"
EndProject
Global
	GlobalSection(SolutionConfigurationPlatforms) = preSolution
		Debug|Any CPU = Debug|Any CPU
		Release|Any CPU = Release|Any CPU
	EndGlobalSection
	GlobalSection(ProjectConfigurationPlatforms) = postSolution
		{43DCDBDE-5F48-497D-90BE-E30D205B7444}.Debug|Any CPU.ActiveCfg = Debug|Any CPU
		{43DCDBDE-5F48-497D-90BE-E30D205B7444}.Debug|Any CPU.Build.0 = Debug|Any CPU
		{43DCDBDE-5F48-497D-90BE-E30D205B7444}.Release|Any CPU.ActiveCfg = Release|Any CPU
		{43DCDBDE-5F48-497D-90BE-E30D205B7444}.Release|Any CPU.Build.0 = Release|Any CPU
	EndGlobalSection
	GlobalSection(SolutionProperties) = preSolution
		HideSolutionNode = FALSE
	EndGlobalSection
	GlobalSection(ExtensibilityGlobals) = postSolution
		SolutionGuid = {97C9B6B0-6953-4220-BBB8-EEFF4BC26A3A}
	EndGlobalSection
EndGlobal
